
Microsoft Visual Studio Solution File, Format Version 12.00
# Visual Studio Version 16
VisualStudioVersion = 16.0.29215.179
MinimumVisualStudioVersion = 10.0.40219.1
Project("{FAE04EC0-301F-11D3-BF4B-00C04F79EFBC}") = "ProyectoFinalGrupo", "ProyectoFinalGrupo\ProyectoFinalGrupo.csproj", "{7D6180C9-7AD1-433D-BEE6-4620E1C09547}"
EndProject
Global
	GlobalSection(SolutionConfigurationPlatforms) = preSolution
		Debug|Any CPU = Debug|Any CPU
		Release|Any CPU = Release|Any CPU
	EndGlobalSection
	GlobalSection(ProjectConfigurationPlatforms) = postSolution
		{7D6180C9-7AD1-433D-BEE6-4620E1C09547}.Debug|Any CPU.ActiveCfg = Debug|Any CPU
		{7D6180C9-7AD1-433D-BEE6-4620E1C09547}.Debug|Any CPU.Build.0 = Debug|Any CPU
		{7D6180C9-7AD1-433D-BEE6-4620E1C09547}.Release|Any CPU.ActiveCfg = Release|Any CPU
		{7D6180C9-7AD1-433D-BEE6-4620E1C09547}.Release|Any CPU.Build.0 = Release|Any CPU
	EndGlobalSection
	GlobalSection(SolutionProperties) = preSolution
		HideSolutionNode = FALSE
	EndGlobalSection
	GlobalSection(ExtensibilityGlobals) = postSolution
		SolutionGuid = {86A61AF6-B509-40A8-86C3-A30DC884C284}
	EndGlobalSection
EndGlobal
